// !$*UTF8*$!
{
	archiveVersion = 1;
	classes = {
	};
	objectVersion = 55;
	objects = {

/* Begin PBXBuildFile section */
		3F89BC7C2858F8B5005EF232 /* AppDelegate.swift in Sources */ = {isa = PBXBuildFile; fileRef = 3F89BC7B2858F8B5005EF232 /* AppDelegate.swift */; };
		3F89BC7E2858F8B6005EF232 /* SceneDelegate.swift in Sources */ = {isa = PBXBuildFile; fileRef = 3F89BC7D2858F8B6005EF232 /* SceneDelegate.swift */; };
		3F89BC802858F8B6005EF232 /* ViewController.swift in Sources */ = {isa = PBXBuildFile; fileRef = 3F89BC7F2858F8B6005EF232 /* ViewController.swift */; };
		3F89BC832858F8B6005EF232 /* Main.storyboard in Resources */ = {isa = PBXBuildFile; fileRef = 3F89BC812858F8B6005EF232 /* Main.storyboard */; };
		3F89BC862858F8B6005EF232 /* ProjectTest.xcdatamodeld in Sources */ = {isa = PBXBuildFile; fileRef = 3F89BC842858F8B6005EF232 /* ProjectTest.xcdatamodeld */; };
		3F89BC8B2858F8B7005EF232 /* LaunchScreen.storyboard in Resources */ = {isa = PBXBuildFile; fileRef = 3F89BC892858F8B7005EF232 /* LaunchScreen.storyboard */; };
		3F89BC962858F8B7005EF232 /* ProjectTestTests.swift in Sources */ = {isa = PBXBuildFile; fileRef = 3F89BC952858F8B7005EF232 /* ProjectTestTests.swift */; };
		3F89BCA02858F8B7005EF232 /* ProjectTestUITests.swift in Sources */ = {isa = PBXBuildFile; fileRef = 3F89BC9F2858F8B7005EF232 /* ProjectTestUITests.swift */; };
		3F89BCA22858F8B7005EF232 /* ProjectTestUITestsLaunchTests.swift in Sources */ = {isa = PBXBuildFile; fileRef = 3F89BCA12858F8B7005EF232 /* ProjectTestUITestsLaunchTests.swift */; };
		912D0AAD2859912400F9CB92 /* Assets.xcassets in Resources */ = {isa = PBXBuildFile; fileRef = 912D0AAC2859912400F9CB92 /* Assets.xcassets */; };
		912D0AF7285B78E400F9CB92 /* TableViewController.swift in Sources */ = {isa = PBXBuildFile; fileRef = 912D0AF6285B78E400F9CB92 /* TableViewController.swift */; };
/* End PBXBuildFile section */

/* Begin PBXContainerItemProxy section */
		3F89BC922858F8B7005EF232 /* PBXContainerItemProxy */ = {
			isa = PBXContainerItemProxy;
			containerPortal = 3F89BC702858F8B5005EF232 /* Project object */;
			proxyType = 1;
			remoteGlobalIDString = 3F89BC772858F8B5005EF232;
			remoteInfo = ProjectTest;
		};
		3F89BC9C2858F8B7005EF232 /* PBXContainerItemProxy */ = {
			isa = PBXContainerItemProxy;
			containerPortal = 3F89BC702858F8B5005EF232 /* Project object */;
			proxyType = 1;
			remoteGlobalIDString = 3F89BC772858F8B5005EF232;
			remoteInfo = ProjectTest;
		};
/* End PBXContainerItemProxy section */

/* Begin PBXFileReference section */
		3F89BC782858F8B5005EF232 /* ProjectTest.app */ = {isa = PBXFileReference; explicitFileType = wrapper.application; includeInIndex = 0; path = ProjectTest.app; sourceTree = BUILT_PRODUCTS_DIR; };
		3F89BC7B2858F8B5005EF232 /* AppDelegate.swift */ = {isa = PBXFileReference; lastKnownFileType = sourcecode.swift; path = AppDelegate.swift; sourceTree = "<group>"; };
		3F89BC7D2858F8B6005EF232 /* SceneDelegate.swift */ = {isa = PBXFileReference; lastKnownFileType = sourcecode.swift; path = SceneDelegate.swift; sourceTree = "<group>"; };
		3F89BC7F2858F8B6005EF232 /* ViewController.swift */ = {isa = PBXFileReference; lastKnownFileType = sourcecode.swift; path = ViewController.swift; sourceTree = "<group>"; };
		3F89BC822858F8B6005EF232 /* Base */ = {isa = PBXFileReference; lastKnownFileType = file.storyboard; name = Base; path = Base.lproj/Main.storyboard; sourceTree = "<group>"; };
		3F89BC852858F8B6005EF232 /* ProjectTest.xcdatamodel */ = {isa = PBXFileReference; lastKnownFileType = wrapper.xcdatamodel; path = ProjectTest.xcdatamodel; sourceTree = "<group>"; };
		3F89BC8A2858F8B7005EF232 /* Base */ = {isa = PBXFileReference; lastKnownFileType = file.storyboard; name = Base; path = Base.lproj/LaunchScreen.storyboard; sourceTree = "<group>"; };
		3F89BC8C2858F8B7005EF232 /* Info.plist */ = {isa = PBXFileReference; lastKnownFileType = text.plist.xml; path = Info.plist; sourceTree = "<group>"; };
		3F89BC912858F8B7005EF232 /* ProjectTestTests.xctest */ = {isa = PBXFileReference; explicitFileType = wrapper.cfbundle; includeInIndex = 0; path = ProjectTestTests.xctest; sourceTree = BUILT_PRODUCTS_DIR; };
		3F89BC952858F8B7005EF232 /* ProjectTestTests.swift */ = {isa = PBXFileReference; lastKnownFileType = sourcecode.swift; path = ProjectTestTests.swift; sourceTree = "<group>"; };
		3F89BC9B2858F8B7005EF232 /* ProjectTestUITests.xctest */ = {isa = PBXFileReference; explicitFileType = wrapper.cfbundle; includeInIndex = 0; path = ProjectTestUITests.xctest; sourceTree = BUILT_PRODUCTS_DIR; };
		3F89BC9F2858F8B7005EF232 /* ProjectTestUITests.swift */ = {isa = PBXFileReference; lastKnownFileType = sourcecode.swift; path = ProjectTestUITests.swift; sourceTree = "<group>"; };
		3F89BCA12858F8B7005EF232 /* ProjectTestUITestsLaunchTests.swift */ = {isa = PBXFileReference; lastKnownFileType = sourcecode.swift; path = ProjectTestUITestsLaunchTests.swift; sourceTree = "<group>"; };
		912D0AAC2859912400F9CB92 /* Assets.xcassets */ = {isa = PBXFileReference; lastKnownFileType = folder.assetcatalog; path = Assets.xcassets; sourceTree = "<group>"; };
		912D0AF3285A9FCD00F9CB92 /* ProjectTest.entitlements */ = {isa = PBXFileReference; lastKnownFileType = text.plist.entitlements; path = ProjectTest.entitlements; sourceTree = "<group>"; };
		912D0AF6285B78E400F9CB92 /* TableViewController.swift */ = {isa = PBXFileReference; lastKnownFileType = sourcecode.swift; path = TableViewController.swift; sourceTree = "<group>"; };
/* End PBXFileReference section */

/* Begin PBXFrameworksBuildPhase section */
		3F89BC752858F8B5005EF232 /* Frameworks */ = {
			isa = PBXFrameworksBuildPhase;
			buildActionMask = 2147483647;
			files = (
			);
			runOnlyForDeploymentPostprocessing = 0;
		};
		3F89BC8E2858F8B7005EF232 /* Frameworks */ = {
			isa = PBXFrameworksBuildPhase;
			buildActionMask = 2147483647;
			files = (
			);
			runOnlyForDeploymentPostprocessing = 0;
		};
		3F89BC982858F8B7005EF232 /* Frameworks */ = {
			isa = PBXFrameworksBuildPhase;
			buildActionMask = 2147483647;
			files = (
			);
			runOnlyForDeploymentPostprocessing = 0;
		};
/* End PBXFrameworksBuildPhase section */

/* Begin PBXGroup section */
		3F89BC6F2858F8B5005EF232 = {
			isa = PBXGroup;
			children = (
				3F89BC7A2858F8B5005EF232 /* ProjectTest */,
				3F89BC942858F8B7005EF232 /* ProjectTestTests */,
				3F89BC9E2858F8B7005EF232 /* ProjectTestUITests */,
				3F89BC792858F8B5005EF232 /* Products */,
			);
			sourceTree = "<group>";
		};
		3F89BC792858F8B5005EF232 /* Products */ = {
			isa = PBXGroup;
			children = (
				3F89BC782858F8B5005EF232 /* ProjectTest.app */,
				3F89BC912858F8B7005EF232 /* ProjectTestTests.xctest */,
				3F89BC9B2858F8B7005EF232 /* ProjectTestUITests.xctest */,
			);
			name = Products;
			sourceTree = "<group>";
		};
		3F89BC7A2858F8B5005EF232 /* ProjectTest */ = {
			isa = PBXGroup;
			children = (
				912D0AF3285A9FCD00F9CB92 /* ProjectTest.entitlements */,
				3F89BC7B2858F8B5005EF232 /* AppDelegate.swift */,
				3F89BC7D2858F8B6005EF232 /* SceneDelegate.swift */,
				3F89BC7F2858F8B6005EF232 /* ViewController.swift */,
				3F89BC812858F8B6005EF232 /* Main.storyboard */,
				912D0AF6285B78E400F9CB92 /* TableViewController.swift */,
				912D0AAC2859912400F9CB92 /* Assets.xcassets */,
				3F89BC892858F8B7005EF232 /* LaunchScreen.storyboard */,
				3F89BC8C2858F8B7005EF232 /* Info.plist */,
				3F89BC842858F8B6005EF232 /* ProjectTest.xcdatamodeld */,
			);
			path = ProjectTest;
			sourceTree = "<group>";
		};
		3F89BC942858F8B7005EF232 /* ProjectTestTests */ = {
			isa = PBXGroup;
			children = (
				3F89BC952858F8B7005EF232 /* ProjectTestTests.swift */,
			);
			path = ProjectTestTests;
			sourceTree = "<group>";
		};
		3F89BC9E2858F8B7005EF232 /* ProjectTestUITests */ = {
			isa = PBXGroup;
			children = (
				3F89BC9F2858F8B7005EF232 /* ProjectTestUITests.swift */,
				3F89BCA12858F8B7005EF232 /* ProjectTestUITestsLaunchTests.swift */,
			);
			path = ProjectTestUITests;
			sourceTree = "<group>";
		};
/* End PBXGroup section */

/* Begin PBXNativeTarget section */
		3F89BC772858F8B5005EF232 /* ProjectTest */ = {
			isa = PBXNativeTarget;
			buildConfigurationList = 3F89BCA52858F8B7005EF232 /* Build configuration list for PBXNativeTarget "ProjectTest" */;
			buildPhases = (
				3F89BC742858F8B5005EF232 /* Sources */,
				3F89BC752858F8B5005EF232 /* Frameworks */,
				3F89BC762858F8B5005EF232 /* Resources */,
			);
			buildRules = (
			);
			dependencies = (
			);
			name = ProjectTest;
			productName = ProjectTest;
			productReference = 3F89BC782858F8B5005EF232 /* ProjectTest.app */;
			productType = "com.apple.product-type.application";
		};
		3F89BC902858F8B7005EF232 /* ProjectTestTests */ = {
			isa = PBXNativeTarget;
			buildConfigurationList = 3F89BCA82858F8B7005EF232 /* Build configuration list for PBXNativeTarget "ProjectTestTests" */;
			buildPhases = (
				3F89BC8D2858F8B7005EF232 /* Sources */,
				3F89BC8E2858F8B7005EF232 /* Frameworks */,
				3F89BC8F2858F8B7005EF232 /* Resources */,
			);
			buildRules = (
			);
			dependencies = (
				3F89BC932858F8B7005EF232 /* PBXTargetDependency */,
			);
			name = ProjectTestTests;
			productName = ProjectTestTests;
			productReference = 3F89BC912858F8B7005EF232 /* ProjectTestTests.xctest */;
			productType = "com.apple.product-type.bundle.unit-test";
		};
		3F89BC9A2858F8B7005EF232 /* ProjectTestUITests */ = {
			isa = PBXNativeTarget;
			buildConfigurationList = 3F89BCAB2858F8B7005EF232 /* Build configuration list for PBXNativeTarget "ProjectTestUITests" */;
			buildPhases = (
				3F89BC972858F8B7005EF232 /* Sources */,
				3F89BC982858F8B7005EF232 /* Frameworks */,
				3F89BC992858F8B7005EF232 /* Resources */,
			);
			buildRules = (
			);
			dependencies = (
				3F89BC9D2858F8B7005EF232 /* PBXTargetDependency */,
			);
			name = ProjectTestUITests;
			productName = ProjectTestUITests;
			productReference = 3F89BC9B2858F8B7005EF232 /* ProjectTestUITests.xctest */;
			productType = "com.apple.product-type.bundle.ui-testing";
		};
/* End PBXNativeTarget section */

/* Begin PBXProject section */
		3F89BC702858F8B5005EF232 /* Project object */ = {
			isa = PBXProject;
			attributes = {
				BuildIndependentTargetsInParallel = 1;
				LastSwiftUpdateCheck = 1340;
				LastUpgradeCheck = 1340;
				TargetAttributes = {
					3F89BC772858F8B5005EF232 = {
						CreatedOnToolsVersion = 13.4.1;
					};
					3F89BC902858F8B7005EF232 = {
						CreatedOnToolsVersion = 13.4.1;
						TestTargetID = 3F89BC772858F8B5005EF232;
					};
					3F89BC9A2858F8B7005EF232 = {
						CreatedOnToolsVersion = 13.4.1;
						TestTargetID = 3F89BC772858F8B5005EF232;
					};
				};
			};
			buildConfigurationList = 3F89BC732858F8B5005EF232 /* Build configuration list for PBXProject "ProjectTest" */;
			compatibilityVersion = "Xcode 13.0";
			developmentRegion = en;
			hasScannedForEncodings = 0;
			knownRegions = (
				en,
				Base,
			);
			mainGroup = 3F89BC6F2858F8B5005EF232;
			productRefGroup = 3F89BC792858F8B5005EF232 /* Products */;
			projectDirPath = "";
			projectRoot = "";
			targets = (
				3F89BC772858F8B5005EF232 /* ProjectTest */,
				3F89BC902858F8B7005EF232 /* ProjectTestTests */,
				3F89BC9A2858F8B7005EF232 /* ProjectTestUITests */,
			);
		};
/* End PBXProject section */

/* Begin PBXResourcesBuildPhase section */
		3F89BC762858F8B5005EF232 /* Resources */ = {
			isa = PBXResourcesBuildPhase;
			buildActionMask = 2147483647;
			files = (
				3F89BC8B2858F8B7005EF232 /* LaunchScreen.storyboard in Resources */,
				912D0AAD2859912400F9CB92 /* Assets.xcassets in Resources */,
				3F89BC832858F8B6005EF232 /* Main.storyboard in Resources */,
			);
			runOnlyForDeploymentPostprocessing = 0;
		};
		3F89BC8F2858F8B7005EF232 /* Resources */ = {
			isa = PBXResourcesBuildPhase;
			buildActionMask = 2147483647;
			files = (
			);
			runOnlyForDeploymentPostprocessing = 0;
		};
		3F89BC992858F8B7005EF232 /* Resources */ = {
			isa = PBXResourcesBuildPhase;
			buildActionMask = 2147483647;
			files = (
			);
			runOnlyForDeploymentPostprocessing = 0;
		};
/* End PBXResourcesBuildPhase section */

/* Begin PBXSourcesBuildPhase section */
		3F89BC742858F8B5005EF232 /* Sources */ = {
			isa = PBXSourcesBuildPhase;
			buildActionMask = 2147483647;
			files = (
				3F89BC802858F8B6005EF232 /* ViewController.swift in Sources */,
				3F89BC7C2858F8B5005EF232 /* AppDelegate.swift in Sources */,
				3F89BC7E2858F8B6005EF232 /* SceneDelegate.swift in Sources */,
				912D0AF7285B78E400F9CB92 /* TableViewController.swift in Sources */,
				3F89BC862858F8B6005EF232 /* ProjectTest.xcdatamodeld in Sources */,
			);
			runOnlyForDeploymentPostprocessing = 0;
		};
		3F89BC8D2858F8B7005EF232 /* Sources */ = {
			isa = PBXSourcesBuildPhase;
			buildActionMask = 2147483647;
			files = (
				3F89BC962858F8B7005EF232 /* ProjectTestTests.swift in Sources */,
			);
			runOnlyForDeploymentPostprocessing = 0;
		};
		3F89BC972858F8B7005EF232 /* Sources */ = {
			isa = PBXSourcesBuildPhase;
			buildActionMask = 2147483647;
			files = (
				3F89BCA22858F8B7005EF232 /* ProjectTestUITestsLaunchTests.swift in Sources */,
				3F89BCA02858F8B7005EF232 /* ProjectTestUITests.swift in Sources */,
			);
			runOnlyForDeploymentPostprocessing = 0;
		};
/* End PBXSourcesBuildPhase section */

/* Begin PBXTargetDependency section */
		3F89BC932858F8B7005EF232 /* PBXTargetDependency */ = {
			isa = PBXTargetDependency;
			target = 3F89BC772858F8B5005EF232 /* ProjectTest */;
			targetProxy = 3F89BC922858F8B7005EF232 /* PBXContainerItemProxy */;
		};
		3F89BC9D2858F8B7005EF232 /* PBXTargetDependency */ = {
			isa = PBXTargetDependency;
			target = 3F89BC772858F8B5005EF232 /* ProjectTest */;
			targetProxy = 3F89BC9C2858F8B7005EF232 /* PBXContainerItemProxy */;
		};
/* End PBXTargetDependency section */

/* Begin PBXVariantGroup section */
		3F89BC812858F8B6005EF232 /* Main.storyboard */ = {
			isa = PBXVariantGroup;
			children = (
				3F89BC822858F8B6005EF232 /* Base */,
			);
			name = Main.storyboard;
			sourceTree = "<group>";
		};
		3F89BC892858F8B7005EF232 /* LaunchScreen.storyboard */ = {
			isa = PBXVariantGroup;
			children = (
				3F89BC8A2858F8B7005EF232 /* Base */,
			);
			name = LaunchScreen.storyboard;
			sourceTree = "<group>";
		};
/* End PBXVariantGroup section */

/* Begin XCBuildConfiguration section */
		3F89BCA32858F8B7005EF232 /* Debug */ = {
			isa = XCBuildConfiguration;
			buildSettings = {
				ALWAYS_SEARCH_USER_PATHS = NO;
				CLANG_ANALYZER_NONNULL = YES;
				CLANG_ANALYZER_NUMBER_OBJECT_CONVERSION = YES_AGGRESSIVE;
				CLANG_CXX_LANGUAGE_STANDARD = "gnu++17";
				CLANG_ENABLE_MODULES = YES;
				CLANG_ENABLE_OBJC_ARC = YES;
				CLANG_ENABLE_OBJC_WEAK = YES;
				CLANG_WARN_BLOCK_CAPTURE_AUTORELEASING = YES;
				CLANG_WARN_BOOL_CONVERSION = YES;
				CLANG_WARN_COMMA = YES;
				CLANG_WARN_CONSTANT_CONVERSION = YES;
				CLANG_WARN_DEPRECATED_OBJC_IMPLEMENTATIONS = YES;
				CLANG_WARN_DIRECT_OBJC_ISA_USAGE = YES_ERROR;
				CLANG_WARN_DOCUMENTATION_COMMENTS = YES;
				CLANG_WARN_EMPTY_BODY = YES;
				CLANG_WARN_ENUM_CONVERSION = YES;
				CLANG_WARN_INFINITE_RECURSION = YES;
				CLANG_WARN_INT_CONVERSION = YES;
				CLANG_WARN_NON_LITERAL_NULL_CONVERSION = YES;
				CLANG_WARN_OBJC_IMPLICIT_RETAIN_SELF = YES;
				CLANG_WARN_OBJC_LITERAL_CONVERSION = YES;
				CLANG_WARN_OBJC_ROOT_CLASS = YES_ERROR;
				CLANG_WARN_QUOTED_INCLUDE_IN_FRAMEWORK_HEADER = YES;
				CLANG_WARN_RANGE_LOOP_ANALYSIS = YES;
				CLANG_WARN_STRICT_PROTOTYPES = YES;
				CLANG_WARN_SUSPICIOUS_MOVE = YES;
				CLANG_WARN_UNGUARDED_AVAILABILITY = YES_AGGRESSIVE;
				CLANG_WARN_UNREACHABLE_CODE = YES;
				CLANG_WARN__DUPLICATE_METHOD_MATCH = YES;
				COPY_PHASE_STRIP = NO;
				DEBUG_INFORMATION_FORMAT = dwarf;
				ENABLE_STRICT_OBJC_MSGSEND = YES;
				ENABLE_TESTABILITY = YES;
				GCC_C_LANGUAGE_STANDARD = gnu11;
				GCC_DYNAMIC_NO_PIC = NO;
				GCC_NO_COMMON_BLOCKS = YES;
				GCC_OPTIMIZATION_LEVEL = 0;
				GCC_PREPROCESSOR_DEFINITIONS = (
					"DEBUG=1",
					"$(inherited)",
				);
				GCC_WARN_64_TO_32_BIT_CONVERSION = YES;
				GCC_WARN_ABOUT_RETURN_TYPE = YES_ERROR;
				GCC_WARN_UNDECLARED_SELECTOR = YES;
				GCC_WARN_UNINITIALIZED_AUTOS = YES_AGGRESSIVE;
				GCC_WARN_UNUSED_FUNCTION = YES;
				GCC_WARN_UNUSED_VARIABLE = YES;
				IPHONEOS_DEPLOYMENT_TARGET = 15.5;
				MTL_ENABLE_DEBUG_INFO = INCLUDE_SOURCE;
				MTL_FAST_MATH = YES;
				ONLY_ACTIVE_ARCH = YES;
				SDKROOT = iphoneos;
				SWIFT_ACTIVE_COMPILATION_CONDITIONS = DEBUG;
				SWIFT_OPTIMIZATION_LEVEL = "-Onone";
			};
			name = Debug;
		};
		3F89BCA42858F8B7005EF232 /* Release */ = {
			isa = XCBuildConfiguration;
			buildSettings = {
				ALWAYS_SEARCH_USER_PATHS = NO;
				CLANG_ANALYZER_NONNULL = YES;
				CLANG_ANALYZER_NUMBER_OBJECT_CONVERSION = YES_AGGRESSIVE;
				CLANG_CXX_LANGUAGE_STANDARD = "gnu++17";
				CLANG_ENABLE_MODULES = YES;
				CLANG_ENABLE_OBJC_ARC = YES;
				CLANG_ENABLE_OBJC_WEAK = YES;
				CLANG_WARN_BLOCK_CAPTURE_AUTORELEASING = YES;
				CLANG_WARN_BOOL_CONVERSION = YES;
				CLANG_WARN_COMMA = YES;
				CLANG_WARN_CONSTANT_CONVERSION = YES;
				CLANG_WARN_DEPRECATED_OBJC_IMPLEMENTATIONS = YES;
				CLANG_WARN_DIRECT_OBJC_ISA_USAGE = YES_ERROR;
				CLANG_WARN_DOCUMENTATION_COMMENTS = YES;
				CLANG_WARN_EMPTY_BODY = YES;
				CLANG_WARN_ENUM_CONVERSION = YES;
				CLANG_WARN_INFINITE_RECURSION = YES;
				CLANG_WARN_INT_CONVERSION = YES;
				CLANG_WARN_NON_LITERAL_NULL_CONVERSION = YES;
				CLANG_WARN_OBJC_IMPLICIT_RETAIN_SELF = YES;
				CLANG_WARN_OBJC_LITERAL_CONVERSION = YES;
				CLANG_WARN_OBJC_ROOT_CLASS = YES_ERROR;
				CLANG_WARN_QUOTED_INCLUDE_IN_FRAMEWORK_HEADER = YES;
				CLANG_WARN_RANGE_LOOP_ANALYSIS = YES;
				CLANG_WARN_STRICT_PROTOTYPES = YES;
				CLANG_WARN_SUSPICIOUS_MOVE = YES;
				CLANG_WARN_UNGUARDED_AVAILABILITY = YES_AGGRESSIVE;
				CLANG_WARN_UNREACHABLE_CODE = YES;
				CLANG_WARN__DUPLICATE_METHOD_MATCH = YES;
				COPY_PHASE_STRIP = NO;
				DEBUG_INFORMATION_FORMAT = "dwarf-with-dsym";
				ENABLE_NS_ASSERTIONS = NO;
				ENABLE_STRICT_OBJC_MSGSEND = YES;
				GCC_C_LANGUAGE_STANDARD = gnu11;
				GCC_NO_COMMON_BLOCKS = YES;
				GCC_WARN_64_TO_32_BIT_CONVERSION = YES;
				GCC_WARN_ABOUT_RETURN_TYPE = YES_ERROR;
				GCC_WARN_UNDECLARED_SELECTOR = YES;
				GCC_WARN_UNINITIALIZED_AUTOS = YES_AGGRESSIVE;
				GCC_WARN_UNUSED_FUNCTION = YES;
				GCC_WARN_UNUSED_VARIABLE = YES;
				IPHONEOS_DEPLOYMENT_TARGET = 15.5;
				MTL_ENABLE_DEBUG_INFO = NO;
				MTL_FAST_MATH = YES;
				SDKROOT = iphoneos;
				SWIFT_COMPILATION_MODE = wholemodule;
				SWIFT_OPTIMIZATION_LEVEL = "-O";
				VALIDATE_PRODUCT = YES;
			};
			name = Release;
		};
		3F89BCA62858F8B7005EF232 /* Debug */ = {
			isa = XCBuildConfiguration;
			buildSettings = {
				ASSETCATALOG_COMPILER_APPICON_NAME = AppIcon;
				ASSETCATALOG_COMPILER_GLOBAL_ACCENT_COLOR_NAME = AccentColor;
				CODE_SIGN_ENTITLEMENTS = ProjectTest/ProjectTest.entitlements;
				CODE_SIGN_STYLE = Automatic;
				CURRENT_PROJECT_VERSION = 1;
				DEVELOPMENT_TEAM = 4XSGTZ24MC;
				GENERATE_INFOPLIST_FILE = YES;
				INFOPLIST_FILE = ProjectTest/Info.plist;
				INFOPLIST_KEY_UIApplicationSupportsIndirectInputEvents = YES;
				INFOPLIST_KEY_UILaunchStoryboardName = LaunchScreen;
				INFOPLIST_KEY_UIMainStoryboardFile = Main;
				INFOPLIST_KEY_UISupportedInterfaceOrientations_iPad = "UIInterfaceOrientationPortrait UIInterfaceOrientationPortraitUpsideDown UIInterfaceOrientationLandscapeLeft UIInterfaceOrientationLandscapeRight";
				INFOPLIST_KEY_UISupportedInterfaceOrientations_iPhone = "UIInterfaceOrientationPortrait UIInterfaceOrientationLandscapeLeft UIInterfaceOrientationLandscapeRight";
				LD_RUNPATH_SEARCH_PATHS = (
					"$(inherited)",
					"@executable_path/Frameworks",
				);
				MARKETING_VERSION = 1.0;
				PRODUCT_BUNDLE_IDENTIFIER = Kelly.ProjectTest;
				PRODUCT_NAME = "$(TARGET_NAME)";
				SWIFT_EMIT_LOC_STRINGS = YES;
				SWIFT_VERSION = 5.0;
				TARGETED_DEVICE_FAMILY = "1,2";
			};
			name = Debug;
		};
		3F89BCA72858F8B7005EF232 /* Release */ = {
			isa = XCBuildConfiguration;
			buildSettings = {
				ASSETCATALOG_COMPILER_APPICON_NAME = AppIcon;
				ASSETCATALOG_COMPILER_GLOBAL_ACCENT_COLOR_NAME = AccentColor;
				CODE_SIGN_ENTITLEMENTS = ProjectTest/ProjectTest.entitlements;
				CODE_SIGN_STYLE = Automatic;
				CURRENT_PROJECT_VERSION = 1;
				DEVELOPMENT_TEAM = 4XSGTZ24MC;
				GENERATE_INFOPLIST_FILE = YES;
				INFOPLIST_FILE = ProjectTest/Info.plist;
				INFOPLIST_KEY_UIApplicationSupportsIndirectInputEvents = YES;
				INFOPLIST_KEY_UILaunchStoryboardName = LaunchScreen;
				INFOPLIST_KEY_UIMainStoryboardFile = Main;
				INFOPLIST_KEY_UISupportedInterfaceOrientations_iPad = "UIInterfaceOrientationPortrait UIInterfaceOrientationPortraitUpsideDown UIInterfaceOrientationLandscapeLeft UIInterfaceOrientationLandscapeRight";
				INFOPLIST_KEY_UISupportedInterfaceOrientations_iPhone = "UIInterfaceOrientationPortrait UIInterfaceOrientationLandscapeLeft UIInterfaceOrientationLandscapeRight";
				LD_RUNPATH_SEARCH_PATHS = (
					"$(inherited)",
					"@executable_path/Frameworks",
				);
				MARKETING_VERSION = 1.0;
				PRODUCT_BUNDLE_IDENTIFIER = Kelly.ProjectTest;
				PRODUCT_NAME = "$(TARGET_NAME)";
				SWIFT_EMIT_LOC_STRINGS = YES;
				SWIFT_VERSION = 5.0;
				TARGETED_DEVICE_FAMILY = "1,2";
			};
			name = Release;
		};
		3F89BCA92858F8B7005EF232 /* Debug */ = {
			isa = XCBuildConfiguration;
			buildSettings = {
				ALWAYS_EMBED_SWIFT_STANDARD_LIBRARIES = YES;
				BUNDLE_LOADER = "$(TEST_HOST)";
				CODE_SIGN_STYLE = Automatic;
				CURRENT_PROJECT_VERSION = 1;
				GENERATE_INFOPLIST_FILE = YES;
				IPHONEOS_DEPLOYMENT_TARGET = 15.5;
				MARKETING_VERSION = 1.0;
				PRODUCT_BUNDLE_IDENTIFIER = Kelly.ProjectTestTests;
				PRODUCT_NAME = "$(TARGET_NAME)";
				SWIFT_EMIT_LOC_STRINGS = NO;
				SWIFT_VERSION = 5.0;
				TARGETED_DEVICE_FAMILY = "1,2";
				TEST_HOST = "$(BUILT_PRODUCTS_DIR)/ProjectTest.app/ProjectTest";
			};
			name = Debug;
		};
		3F89BCAA2858F8B7005EF232 /* Release */ = {
			isa = XCBuildConfiguration;
			buildSettings = {
				ALWAYS_EMBED_SWIFT_STANDARD_LIBRARIES = YES;
				BUNDLE_LOADER = "$(TEST_HOST)";
				CODE_SIGN_STYLE = Automatic;
				CURRENT_PROJECT_VERSION = 1;
				GENERATE_INFOPLIST_FILE = YES;
				IPHONEOS_DEPLOYMENT_TARGET = 15.5;
				MARKETING_VERSION = 1.0;
				PRODUCT_BUNDLE_IDENTIFIER = Kelly.ProjectTestTests;
				PRODUCT_NAME = "$(TARGET_NAME)";
				SWIFT_EMIT_LOC_STRINGS = NO;
				SWIFT_VERSION = 5.0;
				TARGETED_DEVICE_FAMILY = "1,2";
				TEST_HOST = "$(BUILT_PRODUCTS_DIR)/ProjectTest.app/ProjectTest";
			};
			name = Release;
		};
		3F89BCAC2858F8B7005EF232 /* Debug */ = {
			isa = XCBuildConfiguration;
			buildSettings = {
				ALWAYS_EMBED_SWIFT_STANDARD_LIBRARIES = YES;
				CODE_SIGN_STYLE = Automatic;
				CURRENT_PROJECT_VERSION = 1;
				GENERATE_INFOPLIST_FILE = YES;
				MARKETING_VERSION = 1.0;
				PRODUCT_BUNDLE_IDENTIFIER = Kelly.ProjectTestUITests;
				PRODUCT_NAME = "$(TARGET_NAME)";
				SWIFT_EMIT_LOC_STRINGS = NO;
				SWIFT_VERSION = 5.0;
				TARGETED_DEVICE_FAMILY = "1,2";
				TEST_TARGET_NAME = ProjectTest;
			};
			name = Debug;
		};
		3F89BCAD2858F8B7005EF232 /* Release */ = {
			isa = XCBuildConfiguration;
			buildSettings = {
				ALWAYS_EMBED_SWIFT_STANDARD_LIBRARIES = YES;
				CODE_SIGN_STYLE = Automatic;
				CURRENT_PROJECT_VERSION = 1;
				GENERATE_INFOPLIST_FILE = YES;
				MARKETING_VERSION = 1.0;
				PRODUCT_BUNDLE_IDENTIFIER = Kelly.ProjectTestUITests;
				PRODUCT_NAME = "$(TARGET_NAME)";
				SWIFT_EMIT_LOC_STRINGS = NO;
				SWIFT_VERSION = 5.0;
				TARGETED_DEVICE_FAMILY = "1,2";
				TEST_TARGET_NAME = ProjectTest;
			};
			name = Release;
		};
/* End XCBuildConfiguration section */

/* Begin XCConfigurationList section */
		3F89BC732858F8B5005EF232 /* Build configuration list for PBXProject "ProjectTest" */ = {
			isa = XCConfigurationList;
			buildConfigurations = (
				3F89BCA32858F8B7005EF232 /* Debug */,
				3F89BCA42858F8B7005EF232 /* Release */,
			);
			defaultConfigurationIsVisible = 0;
			defaultConfigurationName = Release;
		};
		3F89BCA52858F8B7005EF232 /* Build configuration list for PBXNativeTarget "ProjectTest" */ = {
			isa = XCConfigurationList;
			buildConfigurations = (
				3F89BCA62858F8B7005EF232 /* Debug */,
				3F89BCA72858F8B7005EF232 /* Release */,
			);
			defaultConfigurationIsVisible = 0;
			defaultConfigurationName = Release;
		};
		3F89BCA82858F8B7005EF232 /* Build configuration list for PBXNativeTarget "ProjectTestTests" */ = {
			isa = XCConfigurationList;
			buildConfigurations = (
				3F89BCA92858F8B7005EF232 /* Debug */,
				3F89BCAA2858F8B7005EF232 /* Release */,
			);
			defaultConfigurationIsVisible = 0;
			defaultConfigurationName = Release;
		};
		3F89BCAB2858F8B7005EF232 /* Build configuration list for PBXNativeTarget "ProjectTestUITests" */ = {
			isa = XCConfigurationList;
			buildConfigurations = (
				3F89BCAC2858F8B7005EF232 /* Debug */,
				3F89BCAD2858F8B7005EF232 /* Release */,
			);
			defaultConfigurationIsVisible = 0;
			defaultConfigurationName = Release;
		};
/* End XCConfigurationList section */

/* Begin XCVersionGroup section */
		3F89BC842858F8B6005EF232 /* ProjectTest.xcdatamodeld */ = {
			isa = XCVersionGroup;
			children = (
				3F89BC852858F8B6005EF232 /* ProjectTest.xcdatamodel */,
			);
			currentVersion = 3F89BC852858F8B6005EF232 /* ProjectTest.xcdatamodel */;
			path = ProjectTest.xcdatamodeld;
			sourceTree = "<group>";
			versionGroupType = wrapper.xcdatamodel;
		};
/* End XCVersionGroup section */
	};
	rootObject = 3F89BC702858F8B5005EF232 /* Project object */;
}
